
Microsoft Visual Studio Solution File, Format Version 12.00
# Visual Studio Version 16
VisualStudioVersion = 16.0.30804.86
MinimumVisualStudioVersion = 10.0.40219.1
Project("{9A19103F-16F7-4668-BE54-9A1E7A4F7556}") = "WEBApi", "WEBApi\WEBApi.csproj", "{549312F8-EB04-4EEE-91DC-70E7598653CE}"
EndProject
Project("{9A19103F-16F7-4668-BE54-9A1E7A4F7556}") = "Core", "Core\Core.csproj", "{7A59D2D2-5FFE-4AE4-B57C-7B7469C1301A}"
EndProject
Project("{FAE04EC0-301F-11D3-BF4B-00C04F79EFBC}") = "WEBApi.Tests", "WEBApi.Tests\WEBApi.Tests.csproj", "{77889842-4555-4032-9233-EBC40F23ACFF}"
EndProject
Global
	GlobalSection(SolutionConfigurationPlatforms) = preSolution
		Debug|Any CPU = Debug|Any CPU
		Release|Any CPU = Release|Any CPU
	EndGlobalSection
	GlobalSection(ProjectConfigurationPlatforms) = postSolution
		{549312F8-EB04-4EEE-91DC-70E7598653CE}.Debug|Any CPU.ActiveCfg = Debug|Any CPU
		{549312F8-EB04-4EEE-91DC-70E7598653CE}.Debug|Any CPU.Build.0 = Debug|Any CPU
		{549312F8-EB04-4EEE-91DC-70E7598653CE}.Release|Any CPU.ActiveCfg = Release|Any CPU
		{549312F8-EB04-4EEE-91DC-70E7598653CE}.Release|Any CPU.Build.0 = Release|Any CPU
		{7A59D2D2-5FFE-4AE4-B57C-7B7469C1301A}.Debug|Any CPU.ActiveCfg = Debug|Any CPU
		{7A59D2D2-5FFE-4AE4-B57C-7B7469C1301A}.Debug|Any CPU.Build.0 = Debug|Any CPU
		{7A59D2D2-5FFE-4AE4-B57C-7B7469C1301A}.Release|Any CPU.ActiveCfg = Release|Any CPU
		{7A59D2D2-5FFE-4AE4-B57C-7B7469C1301A}.Release|Any CPU.Build.0 = Release|Any CPU
		{77889842-4555-4032-9233-EBC40F23ACFF}.Debug|Any CPU.ActiveCfg = Debug|Any CPU
		{77889842-4555-4032-9233-EBC40F23ACFF}.Debug|Any CPU.Build.0 = Debug|Any CPU
		{77889842-4555-4032-9233-EBC40F23ACFF}.Release|Any CPU.ActiveCfg = Release|Any CPU
		{77889842-4555-4032-9233-EBC40F23ACFF}.Release|Any CPU.Build.0 = Release|Any CPU
	EndGlobalSection
	GlobalSection(SolutionProperties) = preSolution
		HideSolutionNode = FALSE
	EndGlobalSection
	GlobalSection(ExtensibilityGlobals) = postSolution
		SolutionGuid = {CE9021D8-DAE4-4EA1-95B2-676F3827B7EE}
	EndGlobalSection
EndGlobal
