
Microsoft Visual Studio Solution File, Format Version 12.00
# Visual Studio Version 16
VisualStudioVersion = 16.0.30804.86
MinimumVisualStudioVersion = 10.0.40219.1
Project("{FAE04EC0-301F-11D3-BF4B-00C04F79EFBC}") = "WEBApi", "WEBApi\WEBApi.csproj", "{549312F8-EB04-4EEE-91DC-70E7598653CE}"
EndProject
Global
	GlobalSection(SolutionConfigurationPlatforms) = preSolution
		Debug|Any CPU = Debug|Any CPU
		Release|Any CPU = Release|Any CPU
	EndGlobalSection
	GlobalSection(ProjectConfigurationPlatforms) = postSolution
		{549312F8-EB04-4EEE-91DC-70E7598653CE}.Debug|Any CPU.ActiveCfg = Debug|Any CPU
		{549312F8-EB04-4EEE-91DC-70E7598653CE}.Debug|Any CPU.Build.0 = Debug|Any CPU
		{549312F8-EB04-4EEE-91DC-70E7598653CE}.Release|Any CPU.ActiveCfg = Release|Any CPU
		{549312F8-EB04-4EEE-91DC-70E7598653CE}.Release|Any CPU.Build.0 = Release|Any CPU
	EndGlobalSection
	GlobalSection(SolutionProperties) = preSolution
		HideSolutionNode = FALSE
	EndGlobalSection
	GlobalSection(ExtensibilityGlobals) = postSolution
		SolutionGuid = {CE9021D8-DAE4-4EA1-95B2-676F3827B7EE}
	EndGlobalSection
EndGlobal
